
Microsoft Visual Studio Solution File, Format Version 12.00
# Visual Studio 15
VisualStudioVersion = 15.0.27004.2006
MinimumVisualStudioVersion = 10.0.40219.1
Project("{FAE04EC0-301F-11D3-BF4B-00C04F79EFBC}") = "Exercise_p427", "Exercise_p427\Exercise_p427.csproj", "{0CAC9270-0576-4124-9CDA-82A834A7B1BA}"
EndProject
Global
	GlobalSection(SolutionConfigurationPlatforms) = preSolution
		Debug|Any CPU = Debug|Any CPU
		Release|Any CPU = Release|Any CPU
	EndGlobalSection
	GlobalSection(ProjectConfigurationPlatforms) = postSolution
		{0CAC9270-0576-4124-9CDA-82A834A7B1BA}.Debug|Any CPU.ActiveCfg = Debug|Any CPU
		{0CAC9270-0576-4124-9CDA-82A834A7B1BA}.Debug|Any CPU.Build.0 = Debug|Any CPU
		{0CAC9270-0576-4124-9CDA-82A834A7B1BA}.Release|Any CPU.ActiveCfg = Release|Any CPU
		{0CAC9270-0576-4124-9CDA-82A834A7B1BA}.Release|Any CPU.Build.0 = Release|Any CPU
	EndGlobalSection
	GlobalSection(SolutionProperties) = preSolution
		HideSolutionNode = FALSE
	EndGlobalSection
	GlobalSection(ExtensibilityGlobals) = postSolution
		SolutionGuid = {3C378426-8BD4-419C-A0F3-08D536DF96EF}
	EndGlobalSection
EndGlobal
