
Microsoft Visual Studio Solution File, Format Version 12.00
# Visual Studio 15
VisualStudioVersion = 15.0.27004.2006
MinimumVisualStudioVersion = 10.0.40219.1
Project("{FAE04EC0-301F-11D3-BF4B-00C04F79EFBC}") = "Exercise_p266", "Exercise_p266\Exercise_p266.csproj", "{64C2630C-22E4-4689-925E-EF1DF396C1FD}"
EndProject
Global
	GlobalSection(SolutionConfigurationPlatforms) = preSolution
		Debug|Any CPU = Debug|Any CPU
		Release|Any CPU = Release|Any CPU
	EndGlobalSection
	GlobalSection(ProjectConfigurationPlatforms) = postSolution
		{64C2630C-22E4-4689-925E-EF1DF396C1FD}.Debug|Any CPU.ActiveCfg = Debug|Any CPU
		{64C2630C-22E4-4689-925E-EF1DF396C1FD}.Debug|Any CPU.Build.0 = Debug|Any CPU
		{64C2630C-22E4-4689-925E-EF1DF396C1FD}.Release|Any CPU.ActiveCfg = Release|Any CPU
		{64C2630C-22E4-4689-925E-EF1DF396C1FD}.Release|Any CPU.Build.0 = Release|Any CPU
	EndGlobalSection
	GlobalSection(SolutionProperties) = preSolution
		HideSolutionNode = FALSE
	EndGlobalSection
	GlobalSection(ExtensibilityGlobals) = postSolution
		SolutionGuid = {F0F7252A-6B0A-4E92-A696-0B7E4011FFE4}
	EndGlobalSection
EndGlobal
