
Microsoft Visual Studio Solution File, Format Version 12.00
# Visual Studio 15
VisualStudioVersion = 15.0.27004.2006
MinimumVisualStudioVersion = 10.0.40219.1
Project("{FAE04EC0-301F-11D3-BF4B-00C04F79EFBC}") = "Exercise_p168", "Exercise_p168\Exercise_p168.csproj", "{0ADE0793-5834-4913-92C9-A93A0ADD2FBF}"
EndProject
Global
	GlobalSection(SolutionConfigurationPlatforms) = preSolution
		Debug|Any CPU = Debug|Any CPU
		Release|Any CPU = Release|Any CPU
	EndGlobalSection
	GlobalSection(ProjectConfigurationPlatforms) = postSolution
		{0ADE0793-5834-4913-92C9-A93A0ADD2FBF}.Debug|Any CPU.ActiveCfg = Debug|Any CPU
		{0ADE0793-5834-4913-92C9-A93A0ADD2FBF}.Debug|Any CPU.Build.0 = Debug|Any CPU
		{0ADE0793-5834-4913-92C9-A93A0ADD2FBF}.Release|Any CPU.ActiveCfg = Release|Any CPU
		{0ADE0793-5834-4913-92C9-A93A0ADD2FBF}.Release|Any CPU.Build.0 = Release|Any CPU
	EndGlobalSection
	GlobalSection(SolutionProperties) = preSolution
		HideSolutionNode = FALSE
	EndGlobalSection
	GlobalSection(ExtensibilityGlobals) = postSolution
		SolutionGuid = {43688B59-B38E-4DCF-9E00-E59B7E8C3885}
	EndGlobalSection
EndGlobal
