
Microsoft Visual Studio Solution File, Format Version 12.00
# Visual Studio 15
VisualStudioVersion = 15.0.27130.2036
MinimumVisualStudioVersion = 10.0.40219.1
Project("{FAE04EC0-301F-11D3-BF4B-00C04F79EFBC}") = "p_542", "p_542\p_542.csproj", "{2C0C39A2-7E62-447D-B94A-E1CC389D03C9}"
EndProject
Global
	GlobalSection(SolutionConfigurationPlatforms) = preSolution
		Debug|ARM = Debug|ARM
		Debug|x64 = Debug|x64
		Debug|x86 = Debug|x86
		Release|ARM = Release|ARM
		Release|x64 = Release|x64
		Release|x86 = Release|x86
	EndGlobalSection
	GlobalSection(ProjectConfigurationPlatforms) = postSolution
		{2C0C39A2-7E62-447D-B94A-E1CC389D03C9}.Debug|ARM.ActiveCfg = Debug|ARM
		{2C0C39A2-7E62-447D-B94A-E1CC389D03C9}.Debug|ARM.Build.0 = Debug|ARM
		{2C0C39A2-7E62-447D-B94A-E1CC389D03C9}.Debug|ARM.Deploy.0 = Debug|ARM
		{2C0C39A2-7E62-447D-B94A-E1CC389D03C9}.Debug|x64.ActiveCfg = Debug|x64
		{2C0C39A2-7E62-447D-B94A-E1CC389D03C9}.Debug|x64.Build.0 = Debug|x64
		{2C0C39A2-7E62-447D-B94A-E1CC389D03C9}.Debug|x64.Deploy.0 = Debug|x64
		{2C0C39A2-7E62-447D-B94A-E1CC389D03C9}.Debug|x86.ActiveCfg = Debug|x86
		{2C0C39A2-7E62-447D-B94A-E1CC389D03C9}.Debug|x86.Build.0 = Debug|x86
		{2C0C39A2-7E62-447D-B94A-E1CC389D03C9}.Debug|x86.Deploy.0 = Debug|x86
		{2C0C39A2-7E62-447D-B94A-E1CC389D03C9}.Release|ARM.ActiveCfg = Release|ARM
		{2C0C39A2-7E62-447D-B94A-E1CC389D03C9}.Release|ARM.Build.0 = Release|ARM
		{2C0C39A2-7E62-447D-B94A-E1CC389D03C9}.Release|ARM.Deploy.0 = Release|ARM
		{2C0C39A2-7E62-447D-B94A-E1CC389D03C9}.Release|x64.ActiveCfg = Release|x64
		{2C0C39A2-7E62-447D-B94A-E1CC389D03C9}.Release|x64.Build.0 = Release|x64
		{2C0C39A2-7E62-447D-B94A-E1CC389D03C9}.Release|x64.Deploy.0 = Release|x64
		{2C0C39A2-7E62-447D-B94A-E1CC389D03C9}.Release|x86.ActiveCfg = Release|x86
		{2C0C39A2-7E62-447D-B94A-E1CC389D03C9}.Release|x86.Build.0 = Release|x86
		{2C0C39A2-7E62-447D-B94A-E1CC389D03C9}.Release|x86.Deploy.0 = Release|x86
	EndGlobalSection
	GlobalSection(SolutionProperties) = preSolution
		HideSolutionNode = FALSE
	EndGlobalSection
	GlobalSection(ExtensibilityGlobals) = postSolution
		SolutionGuid = {B2AAD38B-2BE6-40A9-85CB-B5E6C5E40600}
	EndGlobalSection
EndGlobal
